
Microsoft Visual Studio Solution File, Format Version 12.00
# Visual Studio Version 17
VisualStudioVersion = 17.3.32922.545
MinimumVisualStudioVersion = 10.0.40219.1
Project("{8BC9CEB8-8B4A-11D0-8D11-00A0C91BC942}") = "Srednee", "Srednee\Srednee.vcxproj", "{7EB0863F-6822-47EB-8212-3263175997AA}"
EndProject
Global
	GlobalSection(SolutionConfigurationPlatforms) = preSolution
		Debug|x64 = Debug|x64
		Debug|x86 = Debug|x86
		Release|x64 = Release|x64
		Release|x86 = Release|x86
	EndGlobalSection
	GlobalSection(ProjectConfigurationPlatforms) = postSolution
		{7EB0863F-6822-47EB-8212-3263175997AA}.Debug|x64.ActiveCfg = Debug|x64
		{7EB0863F-6822-47EB-8212-3263175997AA}.Debug|x64.Build.0 = Debug|x64
		{7EB0863F-6822-47EB-8212-3263175997AA}.Debug|x86.ActiveCfg = Debug|Win32
		{7EB0863F-6822-47EB-8212-3263175997AA}.Debug|x86.Build.0 = Debug|Win32
		{7EB0863F-6822-47EB-8212-3263175997AA}.Release|x64.ActiveCfg = Release|x64
		{7EB0863F-6822-47EB-8212-3263175997AA}.Release|x64.Build.0 = Release|x64
		{7EB0863F-6822-47EB-8212-3263175997AA}.Release|x86.ActiveCfg = Release|Win32
		{7EB0863F-6822-47EB-8212-3263175997AA}.Release|x86.Build.0 = Release|Win32
	EndGlobalSection
	GlobalSection(SolutionProperties) = preSolution
		HideSolutionNode = FALSE
	EndGlobalSection
	GlobalSection(ExtensibilityGlobals) = postSolution
		SolutionGuid = {6FBCAF59-437C-4497-8556-BD9F49324CD6}
	EndGlobalSection
EndGlobal
